{
  "name": "mabiscore",
  "lockfileVersion": 3,
  "requires": true,
  "packages": {
    "": {
      "name": "mabiscore",
      "devDependencies": {
        "mml-iterator": "1.1.0"
      }
    },
    "node_modules/mml-iterator": {
      "version": "1.1.0",
      "resolved": "https://registry.npmjs.org/mml-iterator/-/mml-iterator-1.1.0.tgz",
      "integrity": "sha512-qqh+R2xJ/6F2MOhkCe+uBOw/4bQKprdi7mW6M/e3rx4Rp5IpePlCiaIhJ8BrXv7/vC2dfp7gcLvafbr9A+7y9A==",
      "dev": true,
      "license": "MIT"
    }
  }
}
